
Microsoft Visual Studio Solution File, Format Version 12.00
# Visual Studio Version 16
VisualStudioVersion = 16.0.29613.14
MinimumVisualStudioVersion = 10.0.40219.1
Project("{FAE04EC0-301F-11D3-BF4B-00C04F79EFBC}") = "Week3", "Week3\Week3.csproj", "{EA0CCA09-117A-4026-B794-CAA8B42F894B}"
EndProject
Global
	GlobalSection(SolutionConfigurationPlatforms) = preSolution
		Debug|Any CPU = Debug|Any CPU
		Release|Any CPU = Release|Any CPU
	EndGlobalSection
	GlobalSection(ProjectConfigurationPlatforms) = postSolution
		{EA0CCA09-117A-4026-B794-CAA8B42F894B}.Debug|Any CPU.ActiveCfg = Debug|Any CPU
		{EA0CCA09-117A-4026-B794-CAA8B42F894B}.Debug|Any CPU.Build.0 = Debug|Any CPU
		{EA0CCA09-117A-4026-B794-CAA8B42F894B}.Release|Any CPU.ActiveCfg = Release|Any CPU
		{EA0CCA09-117A-4026-B794-CAA8B42F894B}.Release|Any CPU.Build.0 = Release|Any CPU
	EndGlobalSection
	GlobalSection(SolutionProperties) = preSolution
		HideSolutionNode = FALSE
	EndGlobalSection
	GlobalSection(ExtensibilityGlobals) = postSolution
		SolutionGuid = {F19838B5-0F6D-400B-BD41-E459A727F2DC}
	EndGlobalSection
EndGlobal
